
Microsoft Visual Studio Solution File, Format Version 12.00
# Visual Studio 15
VisualStudioVersion = 15.0.28307.136
MinimumVisualStudioVersion = 10.0.40219.1
Project("{FAE04EC0-301F-11D3-BF4B-00C04F79EFBC}") = "Room_Booking", "Room_Booking\Room_Booking.csproj", "{319731AB-C4D7-41C5-B6EA-02389648213B}"
EndProject
Project("{FAE04EC0-301F-11D3-BF4B-00C04F79EFBC}") = "Room_Booking.Tests", "Room_Booking.Tests\Room_Booking.Tests.csproj", "{721FB481-2C9B-4817-BF7F-87F1F8C8EEF4}"
EndProject
Global
	GlobalSection(SolutionConfigurationPlatforms) = preSolution
		Debug|Any CPU = Debug|Any CPU
		Release|Any CPU = Release|Any CPU
	EndGlobalSection
	GlobalSection(ProjectConfigurationPlatforms) = postSolution
		{319731AB-C4D7-41C5-B6EA-02389648213B}.Debug|Any CPU.ActiveCfg = Debug|Any CPU
		{319731AB-C4D7-41C5-B6EA-02389648213B}.Debug|Any CPU.Build.0 = Debug|Any CPU
		{319731AB-C4D7-41C5-B6EA-02389648213B}.Release|Any CPU.ActiveCfg = Release|Any CPU
		{319731AB-C4D7-41C5-B6EA-02389648213B}.Release|Any CPU.Build.0 = Release|Any CPU
		{721FB481-2C9B-4817-BF7F-87F1F8C8EEF4}.Debug|Any CPU.ActiveCfg = Debug|Any CPU
		{721FB481-2C9B-4817-BF7F-87F1F8C8EEF4}.Debug|Any CPU.Build.0 = Debug|Any CPU
		{721FB481-2C9B-4817-BF7F-87F1F8C8EEF4}.Release|Any CPU.ActiveCfg = Release|Any CPU
		{721FB481-2C9B-4817-BF7F-87F1F8C8EEF4}.Release|Any CPU.Build.0 = Release|Any CPU
	EndGlobalSection
	GlobalSection(SolutionProperties) = preSolution
		HideSolutionNode = FALSE
	EndGlobalSection
	GlobalSection(ExtensibilityGlobals) = postSolution
		SolutionGuid = {ABE54B40-CF20-4B93-95E7-2179E208E3D5}
	EndGlobalSection
EndGlobal
